
Microsoft Visual Studio Solution File, Format Version 12.00
# Visual Studio Version 16
VisualStudioVersion = 16.0.30503.244
MinimumVisualStudioVersion = 10.0.40219.1
Project("{FAE04EC0-301F-11D3-BF4B-00C04F79EFBC}") = "Part1", "Part1\Part1.csproj", "{BD161A76-3A6A-4804-859D-67DA714D824A}"
EndProject
Project("{FAE04EC0-301F-11D3-BF4B-00C04F79EFBC}") = "Part2", "Part2\Part2.csproj", "{35C1826B-52EB-4128-9772-190BCB23A76D}"
EndProject
Global
	GlobalSection(SolutionConfigurationPlatforms) = preSolution
		Debug|Any CPU = Debug|Any CPU
		Release|Any CPU = Release|Any CPU
	EndGlobalSection
	GlobalSection(ProjectConfigurationPlatforms) = postSolution
		{BD161A76-3A6A-4804-859D-67DA714D824A}.Debug|Any CPU.ActiveCfg = Debug|Any CPU
		{BD161A76-3A6A-4804-859D-67DA714D824A}.Debug|Any CPU.Build.0 = Debug|Any CPU
		{BD161A76-3A6A-4804-859D-67DA714D824A}.Release|Any CPU.ActiveCfg = Release|Any CPU
		{BD161A76-3A6A-4804-859D-67DA714D824A}.Release|Any CPU.Build.0 = Release|Any CPU
		{35C1826B-52EB-4128-9772-190BCB23A76D}.Debug|Any CPU.ActiveCfg = Debug|Any CPU
		{35C1826B-52EB-4128-9772-190BCB23A76D}.Debug|Any CPU.Build.0 = Debug|Any CPU
		{35C1826B-52EB-4128-9772-190BCB23A76D}.Release|Any CPU.ActiveCfg = Release|Any CPU
		{35C1826B-52EB-4128-9772-190BCB23A76D}.Release|Any CPU.Build.0 = Release|Any CPU
	EndGlobalSection
	GlobalSection(SolutionProperties) = preSolution
		HideSolutionNode = FALSE
	EndGlobalSection
	GlobalSection(ExtensibilityGlobals) = postSolution
		SolutionGuid = {E8D508C0-797B-4340-892C-792BD052CAB2}
	EndGlobalSection
EndGlobal
